
Microsoft Visual Studio Solution File, Format Version 12.00
# Visual Studio Version 17
VisualStudioVersion = 17.9.34728.123
MinimumVisualStudioVersion = 10.0.40219.1
Project("{FAE04EC0-301F-11D3-BF4B-00C04F79EFBC}") = "WpfApp3", "WpfApp3\WpfApp3.csproj", "{BE855C77-9AA6-486D-B573-EA8E12FDCBB9}"
EndProject
Global
	GlobalSection(SolutionConfigurationPlatforms) = preSolution
		Debug|Any CPU = Debug|Any CPU
		Release|Any CPU = Release|Any CPU
	EndGlobalSection
	GlobalSection(ProjectConfigurationPlatforms) = postSolution
		{BE855C77-9AA6-486D-B573-EA8E12FDCBB9}.Debug|Any CPU.ActiveCfg = Debug|Any CPU
		{BE855C77-9AA6-486D-B573-EA8E12FDCBB9}.Debug|Any CPU.Build.0 = Debug|Any CPU
		{BE855C77-9AA6-486D-B573-EA8E12FDCBB9}.Release|Any CPU.ActiveCfg = Release|Any CPU
		{BE855C77-9AA6-486D-B573-EA8E12FDCBB9}.Release|Any CPU.Build.0 = Release|Any CPU
	EndGlobalSection
	GlobalSection(SolutionProperties) = preSolution
		HideSolutionNode = FALSE
	EndGlobalSection
	GlobalSection(ExtensibilityGlobals) = postSolution
		SolutionGuid = {337BB8F9-D132-4CCA-82A1-2AFEFFE12972}
	EndGlobalSection
EndGlobal
